{
  "lockfileVersion": 1,
  "workspaces": {
    "": {
      "name": "cryptocurrencies-api",
      "dependencies": {
        "@prisma/client": "^6.12.0",
        "@types/pg": "^8.15.4",
        "dotenv": "^17.2.0",
        "hono": "^4.8.2",
        "pg": "^8.16.3",
      },
      "devDependencies": {
        "@types/bun": "latest",
        "prisma": "^6.12.0",
      },
    },
  },
  "packages": {
    "@prisma/client": ["@prisma/client@6.12.0", "", { "peerDependencies": { "prisma": "*", "typescript": ">=5.1.0" }, "optionalPeers": ["prisma", "typescript"] }, "sha512-wn98bJ3Cj6edlF4jjpgXwbnQIo/fQLqqQHPk2POrZPxTlhY3+n90SSIF3LMRVa8VzRFC/Gec3YKJRxRu+AIGVA=="],

    "@prisma/config": ["@prisma/config@6.12.0", "", { "dependencies": { "jiti": "2.4.2" } }, "sha512-HovZWzhWEMedHxmjefQBRZa40P81N7/+74khKFz9e1AFjakcIQdXgMWKgt20HaACzY+d1LRBC+L4tiz71t9fkg=="],

    "@prisma/debug": ["@prisma/debug@6.12.0", "", {}, "sha512-plbz6z72orcqr0eeio7zgUrZj5EudZUpAeWkFTA/DDdXEj28YHDXuiakvR6S7sD6tZi+jiwQEJAPeV6J6m/tEQ=="],

    "@prisma/engines": ["@prisma/engines@6.12.0", "", { "dependencies": { "@prisma/debug": "6.12.0", "@prisma/engines-version": "6.12.0-15.8047c96bbd92db98a2abc7c9323ce77c02c89dbc", "@prisma/fetch-engine": "6.12.0", "@prisma/get-platform": "6.12.0" } }, "sha512-4BRZZUaAuB4p0XhTauxelvFs7IllhPmNLvmla0bO1nkECs8n/o1pUvAVbQ/VOrZR5DnF4HED0PrGai+rIOVePA=="],

    "@prisma/engines-version": ["@prisma/engines-version@6.12.0-15.8047c96bbd92db98a2abc7c9323ce77c02c89dbc", "", {}, "sha512-70vhecxBJlRr06VfahDzk9ow4k1HIaSfVUT3X0/kZoHCMl9zbabut4gEXAyzJZxaCGi5igAA7SyyfBI//mmkbQ=="],

    "@prisma/fetch-engine": ["@prisma/fetch-engine@6.12.0", "", { "dependencies": { "@prisma/debug": "6.12.0", "@prisma/engines-version": "6.12.0-15.8047c96bbd92db98a2abc7c9323ce77c02c89dbc", "@prisma/get-platform": "6.12.0" } }, "sha512-EamoiwrK46rpWaEbLX9aqKDPOd8IyLnZAkiYXFNuq0YsU0Z8K09/rH8S7feOWAVJ3xzeSgcEJtBlVDrajM9Sag=="],

    "@prisma/get-platform": ["@prisma/get-platform@6.12.0", "", { "dependencies": { "@prisma/debug": "6.12.0" } }, "sha512-nRerTGhTlgyvcBlyWgt8OLNIV7QgJS2XYXMJD1hysorMCuLAjuDDuoxmVt7C2nLxbuxbWPp7OuFRHC23HqD9dA=="],

    "@types/bun": ["@types/bun@1.2.17", "", { "dependencies": { "bun-types": "1.2.17" } }, "sha512-l/BYs/JYt+cXA/0+wUhulYJB6a6p//GTPiJ7nV+QHa8iiId4HZmnu/3J/SowP5g0rTiERY2kfGKXEK5Ehltx4Q=="],

    "@types/node": ["@types/node@24.0.3", "", { "dependencies": { "undici-types": "~7.8.0" } }, "sha512-R4I/kzCYAdRLzfiCabn9hxWfbuHS573x+r0dJMkkzThEa7pbrcDWK+9zu3e7aBOouf+rQAciqPFMnxwr0aWgKg=="],

    "@types/pg": ["@types/pg@8.15.4", "", { "dependencies": { "@types/node": "*", "pg-protocol": "*", "pg-types": "^2.2.0" } }, "sha512-I6UNVBAoYbvuWkkU3oosC8yxqH21f4/Jc4DK71JLG3dT2mdlGe1z+ep/LQGXaKaOgcvUrsQoPRqfgtMcvZiJhg=="],

    "bun-types": ["bun-types@1.2.17", "", { "dependencies": { "@types/node": "*" } }, "sha512-ElC7ItwT3SCQwYZDYoAH+q6KT4Fxjl8DtZ6qDulUFBmXA8YB4xo+l54J9ZJN+k2pphfn9vk7kfubeSd5QfTVJQ=="],

    "dotenv": ["dotenv@17.2.0", "", {}, "sha512-Q4sgBT60gzd0BB0lSyYD3xM4YxrXA9y4uBDof1JNYGzOXrQdQ6yX+7XIAqoFOGQFOTK1D3Hts5OllpxMDZFONQ=="],

    "hono": ["hono@4.8.2", "", {}, "sha512-hM+1RIn9PK1I6SiTNS6/y7O1mvg88awYLFEuEtoiMtRyT3SD2iu9pSFgbBXT3b1Ua4IwzvSTLvwO0SEhDxCi4w=="],

    "jiti": ["jiti@2.4.2", "", { "bin": { "jiti": "lib/jiti-cli.mjs" } }, "sha512-rg9zJN+G4n2nfJl5MW3BMygZX56zKPNVEYYqq7adpmMh4Jn2QNEwhvQlFy6jPVdcod7txZtKHWnyZiA3a0zP7A=="],

    "pg": ["pg@8.16.3", "", { "dependencies": { "pg-connection-string": "^2.9.1", "pg-pool": "^3.10.1", "pg-protocol": "^1.10.3", "pg-types": "2.2.0", "pgpass": "1.0.5" }, "optionalDependencies": { "pg-cloudflare": "^1.2.7" }, "peerDependencies": { "pg-native": ">=3.0.1" }, "optionalPeers": ["pg-native"] }, "sha512-enxc1h0jA/aq5oSDMvqyW3q89ra6XIIDZgCX9vkMrnz5DFTw/Ny3Li2lFQ+pt3L6MCgm/5o2o8HW9hiJji+xvw=="],

    "pg-cloudflare": ["pg-cloudflare@1.2.7", "", {}, "sha512-YgCtzMH0ptvZJslLM1ffsY4EuGaU0cx4XSdXLRFae8bPP4dS5xL1tNB3k2o/N64cHJpwU7dxKli/nZ2lUa5fLg=="],

    "pg-connection-string": ["pg-connection-string@2.9.1", "", {}, "sha512-nkc6NpDcvPVpZXxrreI/FOtX3XemeLl8E0qFr6F2Lrm/I8WOnaWNhIPK2Z7OHpw7gh5XJThi6j6ppgNoaT1w4w=="],

    "pg-int8": ["pg-int8@1.0.1", "", {}, "sha512-WCtabS6t3c8SkpDBUlb1kjOs7l66xsGdKpIPZsg4wR+B3+u9UAum2odSsF9tnvxg80h4ZxLWMy4pRjOsFIqQpw=="],

    "pg-pool": ["pg-pool@3.10.1", "", { "peerDependencies": { "pg": ">=8.0" } }, "sha512-Tu8jMlcX+9d8+QVzKIvM/uJtp07PKr82IUOYEphaWcoBhIYkoHpLXN3qO59nAI11ripznDsEzEv8nUxBVWajGg=="],

    "pg-protocol": ["pg-protocol@1.10.3", "", {}, "sha512-6DIBgBQaTKDJyxnXaLiLR8wBpQQcGWuAESkRBX/t6OwA8YsqP+iVSiond2EDy6Y/dsGk8rh/jtax3js5NeV7JQ=="],

    "pg-types": ["pg-types@2.2.0", "", { "dependencies": { "pg-int8": "1.0.1", "postgres-array": "~2.0.0", "postgres-bytea": "~1.0.0", "postgres-date": "~1.0.4", "postgres-interval": "^1.1.0" } }, "sha512-qTAAlrEsl8s4OiEQY69wDvcMIdQN6wdz5ojQiOy6YRMuynxenON0O5oCpJI6lshc6scgAY8qvJ2On/p+CXY0GA=="],

    "pgpass": ["pgpass@1.0.5", "", { "dependencies": { "split2": "^4.1.0" } }, "sha512-FdW9r/jQZhSeohs1Z3sI1yxFQNFvMcnmfuj4WBMUTxOrAyLMaTcE1aAMBiTlbMNaXvBCQuVi0R7hd8udDSP7ug=="],

    "postgres-array": ["postgres-array@2.0.0", "", {}, "sha512-VpZrUqU5A69eQyW2c5CA1jtLecCsN2U/bD6VilrFDWq5+5UIEVO7nazS3TEcHf1zuPYO/sqGvUvW62g86RXZuA=="],

    "postgres-bytea": ["postgres-bytea@1.0.0", "", {}, "sha512-xy3pmLuQqRBZBXDULy7KbaitYqLcmxigw14Q5sj8QBVLqEwXfeybIKVWiqAXTlcvdvb0+xkOtDbfQMOf4lST1w=="],

    "postgres-date": ["postgres-date@1.0.7", "", {}, "sha512-suDmjLVQg78nMK2UZ454hAG+OAW+HQPZ6n++TNDUX+L0+uUlLywnoxJKDou51Zm+zTCjrCl0Nq6J9C5hP9vK/Q=="],

    "postgres-interval": ["postgres-interval@1.2.0", "", { "dependencies": { "xtend": "^4.0.0" } }, "sha512-9ZhXKM/rw350N1ovuWHbGxnGh/SNJ4cnxHiM0rxE4VN41wsg8P8zWn9hv/buK00RP4WvlOyr/RBDiptyxVbkZQ=="],

    "prisma": ["prisma@6.12.0", "", { "dependencies": { "@prisma/config": "6.12.0", "@prisma/engines": "6.12.0" }, "peerDependencies": { "typescript": ">=5.1.0" }, "optionalPeers": ["typescript"], "bin": { "prisma": "build/index.js" } }, "sha512-pmV7NEqQej9WjizN6RSNIwf7Y+jeh9mY1JEX2WjGxJi4YZWexClhde1yz/FuvAM+cTwzchcMytu2m4I6wPkIzg=="],

    "split2": ["split2@4.2.0", "", {}, "sha512-UcjcJOWknrNkF6PLX83qcHM6KHgVKNkV62Y8a5uYDVv9ydGQVwAHMKqHdJje1VTWpljG0WYpCDhrCdAOYH4TWg=="],

    "undici-types": ["undici-types@7.8.0", "", {}, "sha512-9UJ2xGDvQ43tYyVMpuHlsgApydB8ZKfVYTsLDhXkFL/6gfkp+U8xTGdh8pMJv1SpZna0zxG1DwsKZsreLbXBxw=="],

    "xtend": ["xtend@4.0.2", "", {}, "sha512-LKYU1iAXJXUgAXn9URjiu+MWhyUXHsvfp7mcuYm9dSUKK0/CjtrUwFAxD82/mCWbtLsGjFIad0wIsod4zrTAEQ=="],
  }
}
